
Microsoft Visual Studio Solution File, Format Version 12.00
# Visual Studio Version 17
VisualStudioVersion = 17.7.34221.43
MinimumVisualStudioVersion = 10.0.40219.1
Project("{FAE04EC0-301F-11D3-BF4B-00C04F79EFBC}") = "WpfApp1", "WpfApp1.csproj", "{EF712F7B-3D6B-4CC4-B39A-1E66CCD5BC5F}"
EndProject
Global
	GlobalSection(SolutionConfigurationPlatforms) = preSolution
		Debug|Any CPU = Debug|Any CPU
		Release|Any CPU = Release|Any CPU
	EndGlobalSection
	GlobalSection(ProjectConfigurationPlatforms) = postSolution
		{EF712F7B-3D6B-4CC4-B39A-1E66CCD5BC5F}.Debug|Any CPU.ActiveCfg = Debug|Any CPU
		{EF712F7B-3D6B-4CC4-B39A-1E66CCD5BC5F}.Debug|Any CPU.Build.0 = Debug|Any CPU
		{EF712F7B-3D6B-4CC4-B39A-1E66CCD5BC5F}.Release|Any CPU.ActiveCfg = Release|Any CPU
		{EF712F7B-3D6B-4CC4-B39A-1E66CCD5BC5F}.Release|Any CPU.Build.0 = Release|Any CPU
	EndGlobalSection
	GlobalSection(SolutionProperties) = preSolution
		HideSolutionNode = FALSE
	EndGlobalSection
	GlobalSection(ExtensibilityGlobals) = postSolution
		SolutionGuid = {AE768A15-5743-464A-A135-D5E173C9B4D2}
	EndGlobalSection
EndGlobal
